
Microsoft Visual Studio Solution File, Format Version 12.00
# Visual Studio Version 17
VisualStudioVersion = 17.7.34221.43
MinimumVisualStudioVersion = 10.0.40219.1
Project("{FAE04EC0-301F-11D3-BF4B-00C04F79EFBC}") = "HelloWorld", "HelloWorld.csproj", "{7E00EB9E-8C11-483C-85B0-FAB83186FB2C}"
EndProject
Global
	GlobalSection(SolutionConfigurationPlatforms) = preSolution
		Debug|Any CPU = Debug|Any CPU
		Release|Any CPU = Release|Any CPU
	EndGlobalSection
	GlobalSection(ProjectConfigurationPlatforms) = postSolution
		{7E00EB9E-8C11-483C-85B0-FAB83186FB2C}.Debug|Any CPU.ActiveCfg = Debug|Any CPU
		{7E00EB9E-8C11-483C-85B0-FAB83186FB2C}.Debug|Any CPU.Build.0 = Debug|Any CPU
		{7E00EB9E-8C11-483C-85B0-FAB83186FB2C}.Release|Any CPU.ActiveCfg = Release|Any CPU
		{7E00EB9E-8C11-483C-85B0-FAB83186FB2C}.Release|Any CPU.Build.0 = Release|Any CPU
	EndGlobalSection
	GlobalSection(SolutionProperties) = preSolution
		HideSolutionNode = FALSE
	EndGlobalSection
	GlobalSection(ExtensibilityGlobals) = postSolution
		SolutionGuid = {472EDACA-8AE6-469C-A9F8-EF3890A14F79}
	EndGlobalSection
EndGlobal
